
Microsoft Visual Studio Solution File, Format Version 12.00
# Visual Studio Version 17
VisualStudioVersion = 17.1.32407.343
MinimumVisualStudioVersion = 10.0.40219.1
Project("{FAE04EC0-301F-11D3-BF4B-00C04F79EFBC}") = "Poort8.Ishare.Service", "Poort8.Ishare.Service\Poort8.Ishare.Service.csproj", "{E4CAB4E6-626A-4917-A2E4-E63AD2F6C26F}"
EndProject
Project("{E53339B2-1760-4266-BCC7-CA923CBCF16C}") = "docker-compose", "docker-compose.dcproj", "{9E0B14F6-5193-4E53-8FAB-CCCAD5946841}"
EndProject
Global
	GlobalSection(SolutionConfigurationPlatforms) = preSolution
		Debug|Any CPU = Debug|Any CPU
		Release|Any CPU = Release|Any CPU
	EndGlobalSection
	GlobalSection(ProjectConfigurationPlatforms) = postSolution
		{E4CAB4E6-626A-4917-A2E4-E63AD2F6C26F}.Debug|Any CPU.ActiveCfg = Debug|Any CPU
		{E4CAB4E6-626A-4917-A2E4-E63AD2F6C26F}.Debug|Any CPU.Build.0 = Debug|Any CPU
		{E4CAB4E6-626A-4917-A2E4-E63AD2F6C26F}.Release|Any CPU.ActiveCfg = Release|Any CPU
		{E4CAB4E6-626A-4917-A2E4-E63AD2F6C26F}.Release|Any CPU.Build.0 = Release|Any CPU
		{9E0B14F6-5193-4E53-8FAB-CCCAD5946841}.Debug|Any CPU.ActiveCfg = Debug|Any CPU
		{9E0B14F6-5193-4E53-8FAB-CCCAD5946841}.Debug|Any CPU.Build.0 = Debug|Any CPU
		{9E0B14F6-5193-4E53-8FAB-CCCAD5946841}.Release|Any CPU.ActiveCfg = Release|Any CPU
		{9E0B14F6-5193-4E53-8FAB-CCCAD5946841}.Release|Any CPU.Build.0 = Release|Any CPU
	EndGlobalSection
	GlobalSection(SolutionProperties) = preSolution
		HideSolutionNode = FALSE
	EndGlobalSection
	GlobalSection(ExtensibilityGlobals) = postSolution
		SolutionGuid = {25111E5F-C826-4B48-BBCA-B85F0BD27799}
	EndGlobalSection
EndGlobal
